Microsoft Visual Studio Solution File, Format Version 12.00
# Visual Studio Version 17
VisualStudioVersion = 17.5.2.0
MinimumVisualStudioVersion = 10.0.40219.1
Project("{FAE04EC0-301F-11D3-BF4B-00C04F79EFBC}") = "SharpDevFramework.Demo", "SharpDevFramework.Demo.csproj", "{31CD1E3B-B653-240E-2C8C-BFACAB649842}"
EndProject
Global
	GlobalSection(SolutionConfigurationPlatforms) = preSolution
		Debug|Any CPU = Debug|Any CPU
		Release|Any CPU = Release|Any CPU
	EndGlobalSection
	GlobalSection(ProjectConfigurationPlatforms) = postSolution
		{31CD1E3B-B653-240E-2C8C-BFACAB649842}.Debug|Any CPU.ActiveCfg = Debug|Any CPU
		{31CD1E3B-B653-240E-2C8C-BFACAB649842}.Debug|Any CPU.Build.0 = Debug|Any CPU
		{31CD1E3B-B653-240E-2C8C-BFACAB649842}.Release|Any CPU.ActiveCfg = Release|Any CPU
		{31CD1E3B-B653-240E-2C8C-BFACAB649842}.Release|Any CPU.Build.0 = Release|Any CPU
	EndGlobalSection
	GlobalSection(SolutionProperties) = preSolution
		HideSolutionNode = FALSE
	EndGlobalSection
	GlobalSection(ExtensibilityGlobals) = postSolution
		SolutionGuid = {3E55EE4B-AE99-47BE-ABB2-9CBF67AE7C44}
	EndGlobalSection
EndGlobal
